// !$*UTF8*$!
{
	archiveVersion = 1;
	classes = {
	};
	objectVersion = 48;
	objects = {

/* Begin PBXBuildFile section */
		6460EF2920814CFB000DC394 /* ModelController.swift in Sources */ = {isa = PBXBuildFile; fileRef = 6460EF2820814CFB000DC394 /* ModelController.swift */; };
		6460EF2B208157BA000DC394 /* Page8ViewController.swift in Sources */ = {isa = PBXBuildFile; fileRef = 6460EF2A208157BA000DC394 /* Page8ViewController.swift */; };
		6460EF4B2081B23A000DC394 /* Waves.m4a in Resources */ = {isa = PBXBuildFile; fileRef = 6460EF4A2081B238000DC394 /* Waves.m4a */; };
		64834FA92082513500390E8E /* ReaderSynthesizer.swift in Sources */ = {isa = PBXBuildFile; fileRef = 64834FA82082513500390E8E /* ReaderSynthesizer.swift */; };
		64995ABD207FD52200525462 /* AppDelegate.swift in Sources */ = {isa = PBXBuildFile; fileRef = 64995ABC207FD52200525462 /* AppDelegate.swift */; };
		64995AC2207FD52200525462 /* Main.storyboard in Resources */ = {isa = PBXBuildFile; fileRef = 64995AC0207FD52200525462 /* Main.storyboard */; };
		64995AC4207FD52200525462 /* Assets.xcassets in Resources */ = {isa = PBXBuildFile; fileRef = 64995AC3207FD52200525462 /* Assets.xcassets */; };
		64995AC7207FD52200525462 /* LaunchScreen.storyboard in Resources */ = {isa = PBXBuildFile; fileRef = 64995AC5207FD52200525462 /* LaunchScreen.storyboard */; };
		64995ACF207FD58E00525462 /* BookRootViewController.swift in Sources */ = {isa = PBXBuildFile; fileRef = 64995ACE207FD58E00525462 /* BookRootViewController.swift */; };
		64995AD1207FD78400525462 /* HomeViewController.swift in Sources */ = {isa = PBXBuildFile; fileRef = 64995AD0207FD78400525462 /* HomeViewController.swift */; };
		64995AD5207FD8B300525462 /* SettingsViewController.m in Sources */ = {isa = PBXBuildFile; fileRef = 64995AD4207FD8B300525462 /* SettingsViewController.m */; };
		64995AD9207FE22500525462 /* Page1ViewController.swift in Sources */ = {isa = PBXBuildFile; fileRef = 64995AD8207FE22500525462 /* Page1ViewController.swift */; };
		64995ADC207FE24600525462 /* AboutAuthorViewController.swift in Sources */ = {isa = PBXBuildFile; fileRef = 64995ADA207FE24600525462 /* AboutAuthorViewController.swift */; };
		64995ADD207FE24600525462 /* AboutAuthorViewController.xib in Resources */ = {isa = PBXBuildFile; fileRef = 64995ADB207FE24600525462 /* AboutAuthorViewController.xib */; };
		64995ADF207FE26900525462 /* Page2ViewController.swift in Sources */ = {isa = PBXBuildFile; fileRef = 64995ADE207FE26900525462 /* Page2ViewController.swift */; };
		64995AE1207FE27E00525462 /* Page3ViewController.swift in Sources */ = {isa = PBXBuildFile; fileRef = 64995AE0207FE27E00525462 /* Page3ViewController.swift */; };
		64995AE3207FE28D00525462 /* Page4ViewController.swift in Sources */ = {isa = PBXBuildFile; fileRef = 64995AE2207FE28D00525462 /* Page4ViewController.swift */; };
		64995AE5207FE29900525462 /* Page5ViewController.swift in Sources */ = {isa = PBXBuildFile; fileRef = 64995AE4207FE29900525462 /* Page5ViewController.swift */; };
		64995AE7207FE2A500525462 /* Page6ViewController.swift in Sources */ = {isa = PBXBuildFile; fileRef = 64995AE6207FE2A500525462 /* Page6ViewController.swift */; };
		64995AE9207FE2B100525462 /* Page7ViewController.swift in Sources */ = {isa = PBXBuildFile; fileRef = 64995AE8207FE2B100525462 /* Page7ViewController.swift */; };
		649FDD082083FD1B0078BAA9 /* AboutPageViewController.swift in Sources */ = {isa = PBXBuildFile; fileRef = 649FDD072083FD1B0078BAA9 /* AboutPageViewController.swift */; };
		64B04A592084E53B00FAC23A /* AudioPlayer.swift in Sources */ = {isa = PBXBuildFile; fileRef = 64B04A582084E53B00FAC23A /* AudioPlayer.swift */; };
/* End PBXBuildFile section */

/* Begin PBXFileReference section */
		6460EF2820814CFB000DC394 /* ModelController.swift */ = {isa = PBXFileReference; lastKnownFileType = sourcecode.swift; path = ModelController.swift; sourceTree = "<group>"; };
		6460EF2A208157BA000DC394 /* Page8ViewController.swift */ = {isa = PBXFileReference; lastKnownFileType = sourcecode.swift; path = Page8ViewController.swift; sourceTree = "<group>"; };
		6460EF4A2081B238000DC394 /* Waves.m4a */ = {isa = PBXFileReference; lastKnownFileType = file; path = Waves.m4a; sourceTree = "<group>"; };
		64834FA82082513500390E8E /* ReaderSynthesizer.swift */ = {isa = PBXFileReference; lastKnownFileType = sourcecode.swift; path = ReaderSynthesizer.swift; sourceTree = "<group>"; };
		64995AB9207FD52200525462 /* Harper Rose Goes To The Beach.app */ = {isa = PBXFileReference; explicitFileType = wrapper.application; includeInIndex = 0; path = "Harper Rose Goes To The Beach.app"; sourceTree = BUILT_PRODUCTS_DIR; };
		64995ABC207FD52200525462 /* AppDelegate.swift */ = {isa = PBXFileReference; lastKnownFileType = sourcecode.swift; path = AppDelegate.swift; sourceTree = "<group>"; };
		64995AC1207FD52200525462 /* Base */ = {isa = PBXFileReference; lastKnownFileType = file.storyboard; name = Base; path = Base.lproj/Main.storyboard; sourceTree = "<group>"; };
		64995AC3207FD52200525462 /* Assets.xcassets */ = {isa = PBXFileReference; lastKnownFileType = folder.assetcatalog; path = Assets.xcassets; sourceTree = "<group>"; };
		64995AC6207FD52200525462 /* Base */ = {isa = PBXFileReference; lastKnownFileType = file.storyboard; name = Base; path = Base.lproj/LaunchScreen.storyboard; sourceTree = "<group>"; };
		64995AC8207FD52200525462 /* Info.plist */ = {isa = PBXFileReference; lastKnownFileType = text.plist.xml; path = Info.plist; sourceTree = "<group>"; };
		64995ACE207FD58E00525462 /* BookRootViewController.swift */ = {isa = PBXFileReference; lastKnownFileType = sourcecode.swift; path = BookRootViewController.swift; sourceTree = "<group>"; };
		64995AD0207FD78400525462 /* HomeViewController.swift */ = {isa = PBXFileReference; lastKnownFileType = sourcecode.swift; path = HomeViewController.swift; sourceTree = "<group>"; };
		64995AD2207FD8B300525462 /* Harper Rose Goes To The Beach-Bridging-Header.h */ = {isa = PBXFileReference; lastKnownFileType = sourcecode.c.h; path = "Harper Rose Goes To The Beach-Bridging-Header.h"; sourceTree = "<group>"; };
		64995AD3207FD8B300525462 /* SettingsViewController.h */ = {isa = PBXFileReference; lastKnownFileType = sourcecode.c.h; path = SettingsViewController.h; sourceTree = "<group>"; };
		64995AD4207FD8B300525462 /* SettingsViewController.m */ = {isa = PBXFileReference; lastKnownFileType = sourcecode.c.objc; path = SettingsViewController.m; sourceTree = "<group>"; };
		64995AD8207FE22500525462 /* Page1ViewController.swift */ = {isa = PBXFileReference; lastKnownFileType = sourcecode.swift; path = Page1ViewController.swift; sourceTree = "<group>"; };
		64995ADA207FE24600525462 /* AboutAuthorViewController.swift */ = {isa = PBXFileReference; lastKnownFileType = sourcecode.swift; path = AboutAuthorViewController.swift; sourceTree = "<group>"; };
		64995ADB207FE24600525462 /* AboutAuthorViewController.xib */ = {isa = PBXFileReference; lastKnownFileType = file.xib; path = AboutAuthorViewController.xib; sourceTree = "<group>"; };
		64995ADE207FE26900525462 /* Page2ViewController.swift */ = {isa = PBXFileReference; lastKnownFileType = sourcecode.swift; path = Page2ViewController.swift; sourceTree = "<group>"; };
		64995AE0207FE27E00525462 /* Page3ViewController.swift */ = {isa = PBXFileReference; lastKnownFileType = sourcecode.swift; path = Page3ViewController.swift; sourceTree = "<group>"; };
		64995AE2207FE28D00525462 /* Page4ViewController.swift */ = {isa = PBXFileReference; lastKnownFileType = sourcecode.swift; path = Page4ViewController.swift; sourceTree = "<group>"; };
		64995AE4207FE29900525462 /* Page5ViewController.swift */ = {isa = PBXFileReference; lastKnownFileType = sourcecode.swift; path = Page5ViewController.swift; sourceTree = "<group>"; };
		64995AE6207FE2A500525462 /* Page6ViewController.swift */ = {isa = PBXFileReference; lastKnownFileType = sourcecode.swift; path = Page6ViewController.swift; sourceTree = "<group>"; };
		64995AE8207FE2B100525462 /* Page7ViewController.swift */ = {isa = PBXFileReference; lastKnownFileType = sourcecode.swift; path = Page7ViewController.swift; sourceTree = "<group>"; };
		649FDD072083FD1B0078BAA9 /* AboutPageViewController.swift */ = {isa = PBXFileReference; lastKnownFileType = sourcecode.swift; path = AboutPageViewController.swift; sourceTree = "<group>"; };
		64B04A582084E53B00FAC23A /* AudioPlayer.swift */ = {isa = PBXFileReference; lastKnownFileType = sourcecode.swift; path = AudioPlayer.swift; sourceTree = "<group>"; };
/* End PBXFileReference section */

/* Begin PBXFrameworksBuildPhase section */
		64995AB6207FD52200525462 /* Frameworks */ = {
			isa = PBXFrameworksBuildPhase;
			buildActionMask = 2147483647;
			files = (
			);
			runOnlyForDeploymentPostprocessing = 0;
		};
/* End PBXFrameworksBuildPhase section */

/* Begin PBXGroup section */
		642955E520814C4D009EE43B /* Model */ = {
			isa = PBXGroup;
			children = (
				64B04A582084E53B00FAC23A /* AudioPlayer.swift */,
				6460EF2820814CFB000DC394 /* ModelController.swift */,
				64834FA82082513500390E8E /* ReaderSynthesizer.swift */,
			);
			name = Model;
			path = "New Group";
			sourceTree = "<group>";
		};
		64995AB0207FD52200525462 = {
			isa = PBXGroup;
			children = (
				64995ABB207FD52200525462 /* Harper Rose Goes To The Beach */,
				64995ABA207FD52200525462 /* Products */,
			);
			sourceTree = "<group>";
		};
		64995ABA207FD52200525462 /* Products */ = {
			isa = PBXGroup;
			children = (
				64995AB9207FD52200525462 /* Harper Rose Goes To The Beach.app */,
			);
			name = Products;
			sourceTree = "<group>";
		};
		64995ABB207FD52200525462 /* Harper Rose Goes To The Beach */ = {
			isa = PBXGroup;
			children = (
				642955E520814C4D009EE43B /* Model */,
				64995AD7207FE1D400525462 /* View */,
				64995AD6207FE1B000525462 /* Controllers */,
				64995AC3207FD52200525462 /* Assets.xcassets */,
				64995ABC207FD52200525462 /* AppDelegate.swift */,
				6460EF4A2081B238000DC394 /* Waves.m4a */,
				64995AC8207FD52200525462 /* Info.plist */,
				64995AD2207FD8B300525462 /* Harper Rose Goes To The Beach-Bridging-Header.h */,
			);
			path = "Harper Rose Goes To The Beach";
			sourceTree = "<group>";
		};
		64995AD6207FE1B000525462 /* Controllers */ = {
			isa = PBXGroup;
			children = (
				64995AD0207FD78400525462 /* HomeViewController.swift */,
				64995ADA207FE24600525462 /* AboutAuthorViewController.swift */,
				649FDD072083FD1B0078BAA9 /* AboutPageViewController.swift */,
				64995AD3207FD8B300525462 /* SettingsViewController.h */,
				64995AD4207FD8B300525462 /* SettingsViewController.m */,
				64995ACE207FD58E00525462 /* BookRootViewController.swift */,
				64995AD8207FE22500525462 /* Page1ViewController.swift */,
				64995ADE207FE26900525462 /* Page2ViewController.swift */,
				64995AE0207FE27E00525462 /* Page3ViewController.swift */,
				64995AE2207FE28D00525462 /* Page4ViewController.swift */,
				64995AE4207FE29900525462 /* Page5ViewController.swift */,
				64995AE6207FE2A500525462 /* Page6ViewController.swift */,
				64995AE8207FE2B100525462 /* Page7ViewController.swift */,
				6460EF2A208157BA000DC394 /* Page8ViewController.swift */,
			);
			path = Controllers;
			sourceTree = "<group>";
		};
		64995AD7207FE1D400525462 /* View */ = {
			isa = PBXGroup;
			children = (
				64995AC0207FD52200525462 /* Main.storyboard */,
				64995ADB207FE24600525462 /* AboutAuthorViewController.xib */,
				64995AC5207FD52200525462 /* LaunchScreen.storyboard */,
			);
			path = View;
			sourceTree = "<group>";
		};
/* End PBXGroup section */

/* Begin PBXNativeTarget section */
		64995AB8207FD52200525462 /* Harper Rose Goes To The Beach */ = {
			isa = PBXNativeTarget;
			buildConfigurationList = 64995ACB207FD52200525462 /* Build configuration list for PBXNativeTarget "Harper Rose Goes To The Beach" */;
			buildPhases = (
				64995AB5207FD52200525462 /* Sources */,
				64995AB6207FD52200525462 /* Frameworks */,
				64995AB7207FD52200525462 /* Resources */,
			);
			buildRules = (
			);
			dependencies = (
			);
			name = "Harper Rose Goes To The Beach";
			productName = "Harper Rose Goes To The Beach";
			productReference = 64995AB9207FD52200525462 /* Harper Rose Goes To The Beach.app */;
			productType = "com.apple.product-type.application";
		};
/* End PBXNativeTarget section */

/* Begin PBXProject section */
		64995AB1207FD52200525462 /* Project object */ = {
			isa = PBXProject;
			attributes = {
				KnownAssetTags = (
					New,
				);
				LastSwiftUpdateCheck = 0920;
				LastUpgradeCheck = 0930;
				ORGANIZATIONNAME = "Alex Richards";
				TargetAttributes = {
					64995AB8207FD52200525462 = {
						CreatedOnToolsVersion = 9.2;
						LastSwiftMigration = 0920;
						ProvisioningStyle = Automatic;
					};
				};
			};
			buildConfigurationList = 64995AB4207FD52200525462 /* Build configuration list for PBXProject "Harper Rose Goes To The Beach" */;
			compatibilityVersion = "Xcode 8.0";
			developmentRegion = en;
			hasScannedForEncodings = 0;
			knownRegions = (
				en,
				Base,
			);
			mainGroup = 64995AB0207FD52200525462;
			productRefGroup = 64995ABA207FD52200525462 /* Products */;
			projectDirPath = "";
			projectRoot = "";
			targets = (
				64995AB8207FD52200525462 /* Harper Rose Goes To The Beach */,
			);
		};
/* End PBXProject section */

/* Begin PBXResourcesBuildPhase section */
		64995AB7207FD52200525462 /* Resources */ = {
			isa = PBXResourcesBuildPhase;
			buildActionMask = 2147483647;
			files = (
				64995AC7207FD52200525462 /* LaunchScreen.storyboard in Resources */,
				64995AC4207FD52200525462 /* Assets.xcassets in Resources */,
				6460EF4B2081B23A000DC394 /* Waves.m4a in Resources */,
				64995AC2207FD52200525462 /* Main.storyboard in Resources */,
				64995ADD207FE24600525462 /* AboutAuthorViewController.xib in Resources */,
			);
			runOnlyForDeploymentPostprocessing = 0;
		};
/* End PBXResourcesBuildPhase section */

/* Begin PBXSourcesBuildPhase section */
		64995AB5207FD52200525462 /* Sources */ = {
			isa = PBXSourcesBuildPhase;
			buildActionMask = 2147483647;
			files = (
				64995ACF207FD58E00525462 /* BookRootViewController.swift in Sources */,
				64995ADC207FE24600525462 /* AboutAuthorViewController.swift in Sources */,
				64995AE7207FE2A500525462 /* Page6ViewController.swift in Sources */,
				64995AE9207FE2B100525462 /* Page7ViewController.swift in Sources */,
				64995AE3207FE28D00525462 /* Page4ViewController.swift in Sources */,
				6460EF2920814CFB000DC394 /* ModelController.swift in Sources */,
				64995AD9207FE22500525462 /* Page1ViewController.swift in Sources */,
				64995AE1207FE27E00525462 /* Page3ViewController.swift in Sources */,
				64995AE5207FE29900525462 /* Page5ViewController.swift in Sources */,
				64995ABD207FD52200525462 /* AppDelegate.swift in Sources */,
				64B04A592084E53B00FAC23A /* AudioPlayer.swift in Sources */,
				64995AD1207FD78400525462 /* HomeViewController.swift in Sources */,
				64834FA92082513500390E8E /* ReaderSynthesizer.swift in Sources */,
				64995AD5207FD8B300525462 /* SettingsViewController.m in Sources */,
				6460EF2B208157BA000DC394 /* Page8ViewController.swift in Sources */,
				64995ADF207FE26900525462 /* Page2ViewController.swift in Sources */,
				649FDD082083FD1B0078BAA9 /* AboutPageViewController.swift in Sources */,
			);
			runOnlyForDeploymentPostprocessing = 0;
		};
/* End PBXSourcesBuildPhase section */

/* Begin PBXVariantGroup section */
		64995AC0207FD52200525462 /* Main.storyboard */ = {
			isa = PBXVariantGroup;
			children = (
				64995AC1207FD52200525462 /* Base */,
			);
			name = Main.storyboard;
			sourceTree = "<group>";
		};
		64995AC5207FD52200525462 /* LaunchScreen.storyboard */ = {
			isa = PBXVariantGroup;
			children = (
				64995AC6207FD52200525462 /* Base */,
			);
			name = LaunchScreen.storyboard;
			sourceTree = "<group>";
		};
/* End PBXVariantGroup section */

/* Begin XCBuildConfiguration section */
		64995AC9207FD52200525462 /* Debug */ = {
			isa = XCBuildConfiguration;
			buildSettings = {
				ALWAYS_SEARCH_USER_PATHS = NO;
				CLANG_ANALYZER_NONNULL = YES;
				CLANG_ANALYZER_NUMBER_OBJECT_CONVERSION = YES_AGGRESSIVE;
				CLANG_CXX_LANGUAGE_STANDARD = "gnu++14";
				CLANG_CXX_LIBRARY = "libc++";
				CLANG_ENABLE_MODULES = YES;
				CLANG_ENABLE_OBJC_ARC = YES;
				CLANG_WARN_BLOCK_CAPTURE_AUTORELEASING = YES;
				CLANG_WARN_BOOL_CONVERSION = YES;
				CLANG_WARN_COMMA = YES;
				CLANG_WARN_CONSTANT_CONVERSION = YES;
				CLANG_WARN_DEPRECATED_OBJC_IMPLEMENTATIONS = YES;
				CLANG_WARN_DIRECT_OBJC_ISA_USAGE = YES_ERROR;
				CLANG_WARN_DOCUMENTATION_COMMENTS = YES;
				CLANG_WARN_EMPTY_BODY = YES;
				CLANG_WARN_ENUM_CONVERSION = YES;
				CLANG_WARN_INFINITE_RECURSION = YES;
				CLANG_WARN_INT_CONVERSION = YES;
				CLANG_WARN_NON_LITERAL_NULL_CONVERSION = YES;
				CLANG_WARN_OBJC_IMPLICIT_RETAIN_SELF = YES;
				CLANG_WARN_OBJC_LITERAL_CONVERSION = YES;
				CLANG_WARN_OBJC_ROOT_CLASS = YES_ERROR;
				CLANG_WARN_RANGE_LOOP_ANALYSIS = YES;
				CLANG_WARN_STRICT_PROTOTYPES = YES;
				CLANG_WARN_SUSPICIOUS_MOVE = YES;
				CLANG_WARN_UNGUARDED_AVAILABILITY = YES_AGGRESSIVE;
				CLANG_WARN_UNREACHABLE_CODE = YES;
				CLANG_WARN__DUPLICATE_METHOD_MATCH = YES;
				CODE_SIGN_IDENTITY = "iPhone Developer";
				COPY_PHASE_STRIP = NO;
				DEBUG_INFORMATION_FORMAT = dwarf;
				ENABLE_STRICT_OBJC_MSGSEND = YES;
				ENABLE_TESTABILITY = YES;
				GCC_C_LANGUAGE_STANDARD = gnu11;
				GCC_DYNAMIC_NO_PIC = NO;
				GCC_NO_COMMON_BLOCKS = YES;
				GCC_OPTIMIZATION_LEVEL = 0;
				GCC_PREPROCESSOR_DEFINITIONS = (
					"DEBUG=1",
					"$(inherited)",
				);
				GCC_WARN_64_TO_32_BIT_CONVERSION = YES;
				GCC_WARN_ABOUT_RETURN_TYPE = YES_ERROR;
				GCC_WARN_UNDECLARED_SELECTOR = YES;
				GCC_WARN_UNINITIALIZED_AUTOS = YES_AGGRESSIVE;
				GCC_WARN_UNUSED_FUNCTION = YES;
				GCC_WARN_UNUSED_VARIABLE = YES;
				IPHONEOS_DEPLOYMENT_TARGET = 11.2;
				MTL_ENABLE_DEBUG_INFO = YES;
				ONLY_ACTIVE_ARCH = YES;
				SDKROOT = iphoneos;
				SWIFT_ACTIVE_COMPILATION_CONDITIONS = DEBUG;
				SWIFT_OPTIMIZATION_LEVEL = "-Onone";
			};
			name = Debug;
		};
		64995ACA207FD52200525462 /* Release */ = {
			isa = XCBuildConfiguration;
			buildSettings = {
				ALWAYS_SEARCH_USER_PATHS = NO;
				CLANG_ANALYZER_NONNULL = YES;
				CLANG_ANALYZER_NUMBER_OBJECT_CONVERSION = YES_AGGRESSIVE;
				CLANG_CXX_LANGUAGE_STANDARD = "gnu++14";
				CLANG_CXX_LIBRARY = "libc++";
				CLANG_ENABLE_MODULES = YES;
				CLANG_ENABLE_OBJC_ARC = YES;
				CLANG_WARN_BLOCK_CAPTURE_AUTORELEASING = YES;
				CLANG_WARN_BOOL_CONVERSION = YES;
				CLANG_WARN_COMMA = YES;
				CLANG_WARN_CONSTANT_CONVERSION = YES;
				CLANG_WARN_DEPRECATED_OBJC_IMPLEMENTATIONS = YES;
				CLANG_WARN_DIRECT_OBJC_ISA_USAGE = YES_ERROR;
				CLANG_WARN_DOCUMENTATION_COMMENTS = YES;
				CLANG_WARN_EMPTY_BODY = YES;
				CLANG_WARN_ENUM_CONVERSION = YES;
				CLANG_WARN_INFINITE_RECURSION = YES;
				CLANG_WARN_INT_CONVERSION = YES;
				CLANG_WARN_NON_LITERAL_NULL_CONVERSION = YES;
				CLANG_WARN_OBJC_IMPLICIT_RETAIN_SELF = YES;
				CLANG_WARN_OBJC_LITERAL_CONVERSION = YES;
				CLANG_WARN_OBJC_ROOT_CLASS = YES_ERROR;
				CLANG_WARN_RANGE_LOOP_ANALYSIS = YES;
				CLANG_WARN_STRICT_PROTOTYPES = YES;
				CLANG_WARN_SUSPICIOUS_MOVE = YES;
				CLANG_WARN_UNGUARDED_AVAILABILITY = YES_AGGRESSIVE;
				CLANG_WARN_UNREACHABLE_CODE = YES;
				CLANG_WARN__DUPLICATE_METHOD_MATCH = YES;
				CODE_SIGN_IDENTITY = "iPhone Developer";
				COPY_PHASE_STRIP = NO;
				DEBUG_INFORMATION_FORMAT = "dwarf-with-dsym";
				ENABLE_NS_ASSERTIONS = NO;
				ENABLE_STRICT_OBJC_MSGSEND = YES;
				GCC_C_LANGUAGE_STANDARD = gnu11;
				GCC_NO_COMMON_BLOCKS = YES;
				GCC_WARN_64_TO_32_BIT_CONVERSION = YES;
				GCC_WARN_ABOUT_RETURN_TYPE = YES_ERROR;
				GCC_WARN_UNDECLARED_SELECTOR = YES;
				GCC_WARN_UNINITIALIZED_AUTOS = YES_AGGRESSIVE;
				GCC_WARN_UNUSED_FUNCTION = YES;
				GCC_WARN_UNUSED_VARIABLE = YES;
				IPHONEOS_DEPLOYMENT_TARGET = 11.2;
				MTL_ENABLE_DEBUG_INFO = NO;
				SDKROOT = iphoneos;
				SWIFT_OPTIMIZATION_LEVEL = "-Owholemodule";
				VALIDATE_PRODUCT = YES;
			};
			name = Release;
		};
		64995ACC207FD52200525462 /* Debug */ = {
			isa = XCBuildConfiguration;
			buildSettings = {
				ASSETCATALOG_COMPILER_APPICON_NAME = AppIcon;
				CLANG_ENABLE_MODULES = YES;
				CODE_SIGN_STYLE = Automatic;
				DEVELOPMENT_TEAM = NK75Q7DVPU;
				INFOPLIST_FILE = "Harper Rose Goes To The Beach/Info.plist";
				LD_RUNPATH_SEARCH_PATHS = "$(inherited) @executable_path/Frameworks";
				PRODUCT_BUNDLE_IDENTIFIER = "ARich.Harper-Rose-Goes-To-The-Beach";
				PRODUCT_NAME = "$(TARGET_NAME)";
				SWIFT_OBJC_BRIDGING_HEADER = "Harper Rose Goes To The Beach/Harper Rose Goes To The Beach-Bridging-Header.h";
				SWIFT_OPTIMIZATION_LEVEL = "-Onone";
				SWIFT_VERSION = 4.0;
				TARGETED_DEVICE_FAMILY = 2;
			};
			name = Debug;
		};
		64995ACD207FD52200525462 /* Release */ = {
			isa = XCBuildConfiguration;
			buildSettings = {
				ASSETCATALOG_COMPILER_APPICON_NAME = AppIcon;
				CLANG_ENABLE_MODULES = YES;
				CODE_SIGN_STYLE = Automatic;
				DEVELOPMENT_TEAM = NK75Q7DVPU;
				INFOPLIST_FILE = "Harper Rose Goes To The Beach/Info.plist";
				LD_RUNPATH_SEARCH_PATHS = "$(inherited) @executable_path/Frameworks";
				PRODUCT_BUNDLE_IDENTIFIER = "ARich.Harper-Rose-Goes-To-The-Beach";
				PRODUCT_NAME = "$(TARGET_NAME)";
				SWIFT_OBJC_BRIDGING_HEADER = "Harper Rose Goes To The Beach/Harper Rose Goes To The Beach-Bridging-Header.h";
				SWIFT_VERSION = 4.0;
				TARGETED_DEVICE_FAMILY = 2;
			};
			name = Release;
		};
/* End XCBuildConfiguration section */

/* Begin XCConfigurationList section */
		64995AB4207FD52200525462 /* Build configuration list for PBXProject "Harper Rose Goes To The Beach" */ = {
			isa = XCConfigurationList;
			buildConfigurations = (
				64995AC9207FD52200525462 /* Debug */,
				64995ACA207FD52200525462 /* Release */,
			);
			defaultConfigurationIsVisible = 0;
			defaultConfigurationName = Release;
		};
		64995ACB207FD52200525462 /* Build configuration list for PBXNativeTarget "Harper Rose Goes To The Beach" */ = {
			isa = XCConfigurationList;
			buildConfigurations = (
				64995ACC207FD52200525462 /* Debug */,
				64995ACD207FD52200525462 /* Release */,
			);
			defaultConfigurationIsVisible = 0;
			defaultConfigurationName = Release;
		};
/* End XCConfigurationList section */
	};
	rootObject = 64995AB1207FD52200525462 /* Project object */;
}
